
Microsoft Visual Studio Solution File, Format Version 12.00
# Visual Studio Version 17
VisualStudioVersion = 17.0.31903.59
MinimumVisualStudioVersion = 10.0.40219.1
Project("{FAE04EC0-301F-11D3-BF4B-00C04F79EFBC}") = "MailIsland.Logic", "MailIsland.Logic\MailIsland.Logic.csproj", "{29B44111-8421-4235-BEDF-528B643C39EE}"
EndProject
Project("{FAE04EC0-301F-11D3-BF4B-00C04F79EFBC}") = "MailIsland.Logic.Tests", "MailIsland.Logic.Tests\MailIsland.Logic.Tests.csproj", "{5AF12A27-1D86-4100-AAA0-864F3C29DF77}"
EndProject
Project("{FAE04EC0-301F-11D3-BF4B-00C04F79EFBC}") = "MailIsland", "MailIsland\MailIsland.csproj", "{10947E4B-11AB-42DE-9344-7CDB9B7184C4}"
EndProject
Global
	GlobalSection(SolutionConfigurationPlatforms) = preSolution
		Debug|Any CPU = Debug|Any CPU
		Release|Any CPU = Release|Any CPU
	EndGlobalSection
	GlobalSection(SolutionProperties) = preSolution
		HideSolutionNode = FALSE
	EndGlobalSection
	GlobalSection(ProjectConfigurationPlatforms) = postSolution
		{29B44111-8421-4235-BEDF-528B643C39EE}.Debug|Any CPU.ActiveCfg = Debug|Any CPU
		{29B44111-8421-4235-BEDF-528B643C39EE}.Debug|Any CPU.Build.0 = Debug|Any CPU
		{29B44111-8421-4235-BEDF-528B643C39EE}.Release|Any CPU.ActiveCfg = Release|Any CPU
		{29B44111-8421-4235-BEDF-528B643C39EE}.Release|Any CPU.Build.0 = Release|Any CPU
		{5AF12A27-1D86-4100-AAA0-864F3C29DF77}.Debug|Any CPU.ActiveCfg = Debug|Any CPU
		{5AF12A27-1D86-4100-AAA0-864F3C29DF77}.Debug|Any CPU.Build.0 = Debug|Any CPU
		{5AF12A27-1D86-4100-AAA0-864F3C29DF77}.Release|Any CPU.ActiveCfg = Release|Any CPU
		{5AF12A27-1D86-4100-AAA0-864F3C29DF77}.Release|Any CPU.Build.0 = Release|Any CPU
		{10947E4B-11AB-42DE-9344-7CDB9B7184C4}.Debug|Any CPU.ActiveCfg = Debug|x64
		{10947E4B-11AB-42DE-9344-7CDB9B7184C4}.Debug|Any CPU.Build.0 = Debug|x64
		{10947E4B-11AB-42DE-9344-7CDB9B7184C4}.Release|Any CPU.ActiveCfg = Release|x64
		{10947E4B-11AB-42DE-9344-7CDB9B7184C4}.Release|Any CPU.Build.0 = Release|x64
	EndGlobalSection
EndGlobal
